
Microsoft Visual Studio Solution File, Format Version 12.00
# Visual Studio 14
VisualStudioVersion = 14.0.25123.0
MinimumVisualStudioVersion = 10.0.40219.1
Project("{E24C65DC-7377-472B-9ABA-BC803B73C61A}") = "ERKS_Website(1)", "ERKS_Website\", "{BB67C27B-1327-4EBA-A84F-6E20254D5C17}"
	ProjectSection(WebsiteProperties) = preProject
		TargetFrameworkMoniker = ".NETFramework,Version%3Dv4.6.1"
		Debug.AspNetCompiler.VirtualPath = "/localhost_62300"
		Debug.AspNetCompiler.PhysicalPath = "ERKS_Website\"
		Debug.AspNetCompiler.TargetPath = "PrecompiledWeb\localhost_62300\"
		Debug.AspNetCompiler.Updateable = "true"
		Debug.AspNetCompiler.ForceOverwrite = "true"
		Debug.AspNetCompiler.FixedNames = "false"
		Debug.AspNetCompiler.Debug = "True"
		Release.AspNetCompiler.VirtualPath = "/localhost_62300"
		Release.AspNetCompiler.PhysicalPath = "ERKS_Website\"
		Release.AspNetCompiler.TargetPath = "PrecompiledWeb\localhost_62300\"
		Release.AspNetCompiler.Updateable = "true"
		Release.AspNetCompiler.ForceOverwrite = "true"
		Release.AspNetCompiler.FixedNames = "false"
		Release.AspNetCompiler.Debug = "False"
		VWDPort = "62300"
		SlnRelativePath = "ERKS_Website\"
		DefaultWebSiteLanguage = "Visual C#"
	EndProjectSection
EndProject
Global
	GlobalSection(SolutionConfigurationPlatforms) = preSolution
		Debug|Any CPU = Debug|Any CPU
	EndGlobalSection
	GlobalSection(ProjectConfigurationPlatforms) = postSolution
		{BB67C27B-1327-4EBA-A84F-6E20254D5C17}.Debug|Any CPU.ActiveCfg = Debug|Any CPU
		{BB67C27B-1327-4EBA-A84F-6E20254D5C17}.Debug|Any CPU.Build.0 = Debug|Any CPU
	EndGlobalSection
	GlobalSection(SolutionProperties) = preSolution
		HideSolutionNode = FALSE
	EndGlobalSection
EndGlobal
